github.com/sebrandon1/generate v0.0.3 h1:Kj9losno2MitIWKJWHM4wM/3+fmO77YkSQqOD23nKK8=
github.com/sebrandon1/generate v0.0.3/go.mod h1:E6qsp1leXoeFhL0cKNen0pErx3kTsuuaE3uL3XLajSk=
github.com/stretchr/testify v1.12.1 h1:EuwCh5fleGS7H32xRwO3wRGT7DxrDhLAT6FF8MpWDWE=
github.com/stretchr/testify v1.12.1/go.mod h1:MDEgiDPPsNp5cuIrHPPCyornHKgEVbtFUmoNlxoYthg=
go.yaml.in/yaml/v3 v3.0.5 h1:N6y/pJk8buWs9NY5ERU2HSMfm+IuD/OtfdAnq6kESPw=
go.yaml.in/yaml/v3 v3.0.5/go.mod h1:HVTZu1O7/Vkt2N+BFy8Zza+lnLsABggaTM2ZpNIGuKg=
